
Microsoft Visual Studio Solution File, Format Version 12.00
# Visual Studio Version 16
VisualStudioVersion = 16.0.29728.190
MinimumVisualStudioVersion = 10.0.40219.1
Project("{9A19103F-16F7-4668-BE54-9A1E7A4F7556}") = "NGKAssignment3", "NGKAssignment3\NGKAssignment3.csproj", "{DF910A38-8925-40F4-B45B-DF976684452F}"
EndProject
Project("{FAE04EC0-301F-11D3-BF4B-00C04F79EFBC}") = "NGKAssignment3WithAuth", "NGKAssignment3WithAuth\NGKAssignment3WithAuth.csproj", "{0DE6A65A-D965-46BB-A47F-EE6FAAF8706E}"
EndProject
Global
	GlobalSection(SolutionConfigurationPlatforms) = preSolution
		Debug|Any CPU = Debug|Any CPU
		Release|Any CPU = Release|Any CPU
	EndGlobalSection
	GlobalSection(ProjectConfigurationPlatforms) = postSolution
		{DF910A38-8925-40F4-B45B-DF976684452F}.Debug|Any CPU.ActiveCfg = Debug|Any CPU
		{DF910A38-8925-40F4-B45B-DF976684452F}.Debug|Any CPU.Build.0 = Debug|Any CPU
		{DF910A38-8925-40F4-B45B-DF976684452F}.Release|Any CPU.ActiveCfg = Release|Any CPU
		{DF910A38-8925-40F4-B45B-DF976684452F}.Release|Any CPU.Build.0 = Release|Any CPU
		{0DE6A65A-D965-46BB-A47F-EE6FAAF8706E}.Debug|Any CPU.ActiveCfg = Debug|Any CPU
		{0DE6A65A-D965-46BB-A47F-EE6FAAF8706E}.Debug|Any CPU.Build.0 = Debug|Any CPU
		{0DE6A65A-D965-46BB-A47F-EE6FAAF8706E}.Release|Any CPU.ActiveCfg = Release|Any CPU
		{0DE6A65A-D965-46BB-A47F-EE6FAAF8706E}.Release|Any CPU.Build.0 = Release|Any CPU
	EndGlobalSection
	GlobalSection(SolutionProperties) = preSolution
		HideSolutionNode = FALSE
	EndGlobalSection
	GlobalSection(ExtensibilityGlobals) = postSolution
		SolutionGuid = {DC0C0052-1C09-493A-8C09-BA345BDE0E17}
	EndGlobalSection
EndGlobal
